<Solution>
    <Folder Name="/src/">
        <Project Path="./src/MealPlanner.Application/MealPlanner.Application.csproj" />
        <Project Path="./src/MealPlanner.Data/MealPlanner.Data.csproj" />
        <Project Path="./src/MealPlanner.Web/MealPlanner.Web.csproj" />
    </Folder>
    <Folder Name="/tests/">
        <Project Path="./tests/MealPlanner.Application.Tests/MealPlanner.Application.Tests.csproj" />
    </Folder>
</Solution>
